
Microsoft Visual Studio Solution File, Format Version 12.00
# Visual Studio 15
VisualStudioVersion = 15.0.26730.10
MinimumVisualStudioVersion = 10.0.40219.1
Project("{8BC9CEB8-8B4A-11D0-8D11-00A0C91BC942}") = "WorkWIthPCI(lab1)", "WorkWIthPCI(lab1)\WorkWIthPCI(lab1).vcxproj", "{49D0B8A2-C8E2-44E6-9338-FD0F32669D27}"
EndProject
Global
	GlobalSection(SolutionConfigurationPlatforms) = preSolution
		Debug|x64 = Debug|x64
		Debug|x86 = Debug|x86
		Release|x64 = Release|x64
		Release|x86 = Release|x86
	EndGlobalSection
	GlobalSection(ProjectConfigurationPlatforms) = postSolution
		{49D0B8A2-C8E2-44E6-9338-FD0F32669D27}.Debug|x64.ActiveCfg = Debug|x64
		{49D0B8A2-C8E2-44E6-9338-FD0F32669D27}.Debug|x64.Build.0 = Debug|x64
		{49D0B8A2-C8E2-44E6-9338-FD0F32669D27}.Debug|x86.ActiveCfg = Debug|Win32
		{49D0B8A2-C8E2-44E6-9338-FD0F32669D27}.Debug|x86.Build.0 = Debug|Win32
		{49D0B8A2-C8E2-44E6-9338-FD0F32669D27}.Release|x64.ActiveCfg = Release|x64
		{49D0B8A2-C8E2-44E6-9338-FD0F32669D27}.Release|x64.Build.0 = Release|x64
		{49D0B8A2-C8E2-44E6-9338-FD0F32669D27}.Release|x86.ActiveCfg = Release|Win32
		{49D0B8A2-C8E2-44E6-9338-FD0F32669D27}.Release|x86.Build.0 = Release|Win32
	EndGlobalSection
	GlobalSection(SolutionProperties) = preSolution
		HideSolutionNode = FALSE
	EndGlobalSection
	GlobalSection(ExtensibilityGlobals) = postSolution
		SolutionGuid = {619AA888-07B6-4E5D-AE8D-2E8CCB29E916}
	EndGlobalSection
EndGlobal
